
Microsoft Visual Studio Solution File, Format Version 12.00
# Visual Studio 15
VisualStudioVersion = 15.0.26228.4
MinimumVisualStudioVersion = 10.0.40219.1
Project("{FAE04EC0-301F-11D3-BF4B-00C04F79EFBC}") = "Catalyst.Core", "Catalyst.Core\Catalyst.Core.csproj", "{2B3089AB-7154-4DEC-84FA-8AED001E3A9F}"
EndProject
Project("{FAE04EC0-301F-11D3-BF4B-00C04F79EFBC}") = "Catalyst.Web", "Catalyst.Web\Catalyst.Web.csproj", "{AA879679-0311-476A-8679-9DEA20AEC016}"
EndProject
Project("{2150E333-8FDC-42A3-9474-1A3956D46DE8}") = "Tests", "Tests", "{97607B58-64F9-40BD-9F8F-3D6998569F2E}"
EndProject
Project("{FAE04EC0-301F-11D3-BF4B-00C04F79EFBC}") = "Catalyst.Tests", "..\tests\Catalyst.Tests\Catalyst.Tests.csproj", "{D6D3C4DA-E198-48B0-A56E-892A6E5BAB42}"
EndProject
Project("{E24C65DC-7377-472B-9ABA-BC803B73C61A}") = "Catalyst.Web.Ui.Client", "Catalyst.Web.Ui.Client\", "{536E8DAF-A870-44A4-AEBA-D6B7F519A4F7}"
	ProjectSection(WebsiteProperties) = preProject
		TargetFrameworkMoniker = ".NETFramework,Version%3Dv4.0"
		Debug.AspNetCompiler.VirtualPath = "/localhost_24838"
		Debug.AspNetCompiler.PhysicalPath = "Catalyst.Web.Ui.Client\"
		Debug.AspNetCompiler.TargetPath = "PrecompiledWeb\localhost_24838\"
		Debug.AspNetCompiler.Updateable = "true"
		Debug.AspNetCompiler.ForceOverwrite = "true"
		Debug.AspNetCompiler.FixedNames = "false"
		Debug.AspNetCompiler.Debug = "True"
		Release.AspNetCompiler.VirtualPath = "/localhost_24838"
		Release.AspNetCompiler.PhysicalPath = "Catalyst.Web.Ui.Client\"
		Release.AspNetCompiler.TargetPath = "PrecompiledWeb\localhost_24838\"
		Release.AspNetCompiler.Updateable = "true"
		Release.AspNetCompiler.ForceOverwrite = "true"
		Release.AspNetCompiler.FixedNames = "false"
		Release.AspNetCompiler.Debug = "False"
		VWDPort = "24838"
		SlnRelativePath = "Catalyst.Web.Ui.Client\"
	EndProjectSection
EndProject
Global
	GlobalSection(SolutionConfigurationPlatforms) = preSolution
		Debug|Any CPU = Debug|Any CPU
		Release|Any CPU = Release|Any CPU
	EndGlobalSection
	GlobalSection(ProjectConfigurationPlatforms) = postSolution
		{2B3089AB-7154-4DEC-84FA-8AED001E3A9F}.Debug|Any CPU.ActiveCfg = Debug|Any CPU
		{2B3089AB-7154-4DEC-84FA-8AED001E3A9F}.Debug|Any CPU.Build.0 = Debug|Any CPU
		{2B3089AB-7154-4DEC-84FA-8AED001E3A9F}.Release|Any CPU.ActiveCfg = Release|Any CPU
		{2B3089AB-7154-4DEC-84FA-8AED001E3A9F}.Release|Any CPU.Build.0 = Release|Any CPU
		{AA879679-0311-476A-8679-9DEA20AEC016}.Debug|Any CPU.ActiveCfg = Debug|Any CPU
		{AA879679-0311-476A-8679-9DEA20AEC016}.Debug|Any CPU.Build.0 = Debug|Any CPU
		{AA879679-0311-476A-8679-9DEA20AEC016}.Release|Any CPU.ActiveCfg = Release|Any CPU
		{AA879679-0311-476A-8679-9DEA20AEC016}.Release|Any CPU.Build.0 = Release|Any CPU
		{D6D3C4DA-E198-48B0-A56E-892A6E5BAB42}.Debug|Any CPU.ActiveCfg = Debug|Any CPU
		{D6D3C4DA-E198-48B0-A56E-892A6E5BAB42}.Debug|Any CPU.Build.0 = Debug|Any CPU
		{D6D3C4DA-E198-48B0-A56E-892A6E5BAB42}.Release|Any CPU.ActiveCfg = Release|Any CPU
		{D6D3C4DA-E198-48B0-A56E-892A6E5BAB42}.Release|Any CPU.Build.0 = Release|Any CPU
		{536E8DAF-A870-44A4-AEBA-D6B7F519A4F7}.Debug|Any CPU.ActiveCfg = Debug|Any CPU
		{536E8DAF-A870-44A4-AEBA-D6B7F519A4F7}.Release|Any CPU.ActiveCfg = Debug|Any CPU
	EndGlobalSection
	GlobalSection(SolutionProperties) = preSolution
		HideSolutionNode = FALSE
	EndGlobalSection
	GlobalSection(NestedProjects) = preSolution
		{D6D3C4DA-E198-48B0-A56E-892A6E5BAB42} = {97607B58-64F9-40BD-9F8F-3D6998569F2E}
	EndGlobalSection
EndGlobal
